
Microsoft Visual Studio Solution File, Format Version 12.00
# Visual Studio 15
VisualStudioVersion = 15.0.28307.438
MinimumVisualStudioVersion = 10.0.40219.1
Project("{9A19103F-16F7-4668-BE54-9A1E7A4F7556}") = "QuickBuy.Dominio", "QuickBuy.Dominio\QuickBuy.Dominio.csproj", "{D47B425D-E25B-4A91-8784-EE6C16173809}"
EndProject
Project("{9A19103F-16F7-4668-BE54-9A1E7A4F7556}") = "QuickBuy.Repositorio", "QuickBuy.Repositorio\QuickBuy.Repositorio.csproj", "{1F81E56C-C2F5-489E-8EA9-50BFFAC32482}"
EndProject
Project("{9A19103F-16F7-4668-BE54-9A1E7A4F7556}") = "QuickBuy.Web", "QuickBuy.Web\QuickBuy.Web.csproj", "{FF1EAAC0-8E1F-45B3-90BA-AE18CEB65EC4}"
EndProject
Global
	GlobalSection(SolutionConfigurationPlatforms) = preSolution
		Debug|Any CPU = Debug|Any CPU
		Release|Any CPU = Release|Any CPU
	EndGlobalSection
	GlobalSection(ProjectConfigurationPlatforms) = postSolution
		{D47B425D-E25B-4A91-8784-EE6C16173809}.Debug|Any CPU.ActiveCfg = Debug|Any CPU
		{D47B425D-E25B-4A91-8784-EE6C16173809}.Debug|Any CPU.Build.0 = Debug|Any CPU
		{D47B425D-E25B-4A91-8784-EE6C16173809}.Release|Any CPU.ActiveCfg = Release|Any CPU
		{D47B425D-E25B-4A91-8784-EE6C16173809}.Release|Any CPU.Build.0 = Release|Any CPU
		{1F81E56C-C2F5-489E-8EA9-50BFFAC32482}.Debug|Any CPU.ActiveCfg = Debug|Any CPU
		{1F81E56C-C2F5-489E-8EA9-50BFFAC32482}.Debug|Any CPU.Build.0 = Debug|Any CPU
		{1F81E56C-C2F5-489E-8EA9-50BFFAC32482}.Release|Any CPU.ActiveCfg = Release|Any CPU
		{1F81E56C-C2F5-489E-8EA9-50BFFAC32482}.Release|Any CPU.Build.0 = Release|Any CPU
		{FF1EAAC0-8E1F-45B3-90BA-AE18CEB65EC4}.Debug|Any CPU.ActiveCfg = Debug|Any CPU
		{FF1EAAC0-8E1F-45B3-90BA-AE18CEB65EC4}.Debug|Any CPU.Build.0 = Debug|Any CPU
		{FF1EAAC0-8E1F-45B3-90BA-AE18CEB65EC4}.Release|Any CPU.ActiveCfg = Release|Any CPU
		{FF1EAAC0-8E1F-45B3-90BA-AE18CEB65EC4}.Release|Any CPU.Build.0 = Release|Any CPU
	EndGlobalSection
	GlobalSection(SolutionProperties) = preSolution
		HideSolutionNode = FALSE
	EndGlobalSection
	GlobalSection(ExtensibilityGlobals) = postSolution
		SolutionGuid = {93077067-2E57-42AD-A2DB-19AB1111374C}
	EndGlobalSection
EndGlobal
